
Microsoft Visual Studio Solution File, Format Version 12.00
# Visual Studio Version 17
VisualStudioVersion = 17.5.33424.131
MinimumVisualStudioVersion = 10.0.40219.1
Project("{FAE04EC0-301F-11D3-BF4B-00C04F79EFBC}") = "APIPontoVenda", "APIPontoVenda.csproj", "{9F55954A-9EC2-4968-8CD8-F122611232B7}"
EndProject
Global
	GlobalSection(SolutionConfigurationPlatforms) = preSolution
		Debug|Any CPU = Debug|Any CPU
		Release|Any CPU = Release|Any CPU
	EndGlobalSection
	GlobalSection(ProjectConfigurationPlatforms) = postSolution
		{9F55954A-9EC2-4968-8CD8-F122611232B7}.Debug|Any CPU.ActiveCfg = Debug|Any CPU
		{9F55954A-9EC2-4968-8CD8-F122611232B7}.Debug|Any CPU.Build.0 = Debug|Any CPU
		{9F55954A-9EC2-4968-8CD8-F122611232B7}.Release|Any CPU.ActiveCfg = Release|Any CPU
		{9F55954A-9EC2-4968-8CD8-F122611232B7}.Release|Any CPU.Build.0 = Release|Any CPU
	EndGlobalSection
	GlobalSection(SolutionProperties) = preSolution
		HideSolutionNode = FALSE
	EndGlobalSection
	GlobalSection(ExtensibilityGlobals) = postSolution
		SolutionGuid = {203F90C2-D5D5-42E1-9FB3-251E43733D89}
	EndGlobalSection
EndGlobal
